// !$*UTF8*$!
{
	archiveVersion = 1;
	classes = {
	};
	objectVersion = 46;
	objects = {

/* Begin PBXBuildFile section */
		756505381F0A1EE100620EA2 /* main.m in Sources */ = {isa = PBXBuildFile; fileRef = 756505371F0A1EE100620EA2 /* main.m */; };
		7565053B1F0A1EE100620EA2 /* AppDelegate.m in Sources */ = {isa = PBXBuildFile; fileRef = 7565053A1F0A1EE100620EA2 /* AppDelegate.m */; };
		7565053E1F0A1EE100620EA2 /* ViewController.m in Sources */ = {isa = PBXBuildFile; fileRef = 7565053D1F0A1EE100620EA2 /* ViewController.m */; };
		756505411F0A1EE100620EA2 /* Main.storyboard in Resources */ = {isa = PBXBuildFile; fileRef = 7565053F1F0A1EE100620EA2 /* Main.storyboard */; };
		756505431F0A1EE100620EA2 /* Assets.xcassets in Resources */ = {isa = PBXBuildFile; fileRef = 756505421F0A1EE100620EA2 /* Assets.xcassets */; };
		756505461F0A1EE100620EA2 /* LaunchScreen.storyboard in Resources */ = {isa = PBXBuildFile; fileRef = 756505441F0A1EE100620EA2 /* LaunchScreen.storyboard */; };
		756505511F0A1EE100620EA2 /* RSSReaderTests.m in Sources */ = {isa = PBXBuildFile; fileRef = 756505501F0A1EE100620EA2 /* RSSReaderTests.m */; };
		7565055C1F0A1EE100620EA2 /* RSSReaderUITests.m in Sources */ = {isa = PBXBuildFile; fileRef = 7565055B1F0A1EE100620EA2 /* RSSReaderUITests.m */; };
/* End PBXBuildFile section */

/* Begin PBXContainerItemProxy section */
		7565054D1F0A1EE100620EA2 /* PBXContainerItemProxy */ = {
			isa = PBXContainerItemProxy;
			containerPortal = 7565052B1F0A1EE100620EA2 /* Project object */;
			proxyType = 1;
			remoteGlobalIDString = 756505321F0A1EE100620EA2;
			remoteInfo = RSSReader;
		};
		756505581F0A1EE100620EA2 /* PBXContainerItemProxy */ = {
			isa = PBXContainerItemProxy;
			containerPortal = 7565052B1F0A1EE100620EA2 /* Project object */;
			proxyType = 1;
			remoteGlobalIDString = 756505321F0A1EE100620EA2;
			remoteInfo = RSSReader;
		};
/* End PBXContainerItemProxy section */

/* Begin PBXFileReference section */
		756505331F0A1EE100620EA2 /* RSSReader.app */ = {isa = PBXFileReference; explicitFileType = wrapper.application; includeInIndex = 0; path = RSSReader.app; sourceTree = BUILT_PRODUCTS_DIR; };
		756505371F0A1EE100620EA2 /* main.m */ = {isa = PBXFileReference; lastKnownFileType = sourcecode.c.objc; path = main.m; sourceTree = "<group>"; };
		756505391F0A1EE100620EA2 /* AppDelegate.h */ = {isa = PBXFileReference; lastKnownFileType = sourcecode.c.h; path = AppDelegate.h; sourceTree = "<group>"; };
		7565053A1F0A1EE100620EA2 /* AppDelegate.m */ = {isa = PBXFileReference; lastKnownFileType = sourcecode.c.objc; path = AppDelegate.m; sourceTree = "<group>"; };
		7565053C1F0A1EE100620EA2 /* ViewController.h */ = {isa = PBXFileReference; lastKnownFileType = sourcecode.c.h; path = ViewController.h; sourceTree = "<group>"; };
		7565053D1F0A1EE100620EA2 /* ViewController.m */ = {isa = PBXFileReference; lastKnownFileType = sourcecode.c.objc; path = ViewController.m; sourceTree = "<group>"; };
		756505401F0A1EE100620EA2 /* Base */ = {isa = PBXFileReference; lastKnownFileType = file.storyboard; name = Base; path = Base.lproj/Main.storyboard; sourceTree = "<group>"; };
		756505421F0A1EE100620EA2 /* Assets.xcassets */ = {isa = PBXFileReference; lastKnownFileType = folder.assetcatalog; path = Assets.xcassets; sourceTree = "<group>"; };
		756505451F0A1EE100620EA2 /* Base */ = {isa = PBXFileReference; lastKnownFileType = file.storyboard; name = Base; path = Base.lproj/LaunchScreen.storyboard; sourceTree = "<group>"; };
		756505471F0A1EE100620EA2 /* Info.plist */ = {isa = PBXFileReference; lastKnownFileType = text.plist.xml; path = Info.plist; sourceTree = "<group>"; };
		7565054C1F0A1EE100620EA2 /* RSSReaderTests.xctest */ = {isa = PBXFileReference; explicitFileType = wrapper.cfbundle; includeInIndex = 0; path = RSSReaderTests.xctest; sourceTree = BUILT_PRODUCTS_DIR; };
		756505501F0A1EE100620EA2 /* RSSReaderTests.m */ = {isa = PBXFileReference; lastKnownFileType = sourcecode.c.objc; path = RSSReaderTests.m; sourceTree = "<group>"; };
		756505521F0A1EE100620EA2 /* Info.plist */ = {isa = PBXFileReference; lastKnownFileType = text.plist.xml; path = Info.plist; sourceTree = "<group>"; };
		756505571F0A1EE100620EA2 /* RSSReaderUITests.xctest */ = {isa = PBXFileReference; explicitFileType = wrapper.cfbundle; includeInIndex = 0; path = RSSReaderUITests.xctest; sourceTree = BUILT_PRODUCTS_DIR; };
		7565055B1F0A1EE100620EA2 /* RSSReaderUITests.m */ = {isa = PBXFileReference; lastKnownFileType = sourcecode.c.objc; path = RSSReaderUITests.m; sourceTree = "<group>"; };
		7565055D1F0A1EE100620EA2 /* Info.plist */ = {isa = PBXFileReference; lastKnownFileType = text.plist.xml; path = Info.plist; sourceTree = "<group>"; };
/* End PBXFileReference section */

/* Begin PBXFrameworksBuildPhase section */
		756505301F0A1EE100620EA2 /* Frameworks */ = {
			isa = PBXFrameworksBuildPhase;
			buildActionMask = 2147483647;
			files = (
			);
			runOnlyForDeploymentPostprocessing = 0;
		};
		756505491F0A1EE100620EA2 /* Frameworks */ = {
			isa = PBXFrameworksBuildPhase;
			buildActionMask = 2147483647;
			files = (
			);
			runOnlyForDeploymentPostprocessing = 0;
		};
		756505541F0A1EE100620EA2 /* Frameworks */ = {
			isa = PBXFrameworksBuildPhase;
			buildActionMask = 2147483647;
			files = (
			);
			runOnlyForDeploymentPostprocessing = 0;
		};
/* End PBXFrameworksBuildPhase section */

/* Begin PBXGroup section */
		7565052A1F0A1EE100620EA2 = {
			isa = PBXGroup;
			children = (
				756505351F0A1EE100620EA2 /* RSSReader */,
				7565054F1F0A1EE100620EA2 /* RSSReaderTests */,
				7565055A1F0A1EE100620EA2 /* RSSReaderUITests */,
				756505341F0A1EE100620EA2 /* Products */,
			);
			sourceTree = "<group>";
		};
		756505341F0A1EE100620EA2 /* Products */ = {
			isa = PBXGroup;
			children = (
				756505331F0A1EE100620EA2 /* RSSReader.app */,
				7565054C1F0A1EE100620EA2 /* RSSReaderTests.xctest */,
				756505571F0A1EE100620EA2 /* RSSReaderUITests.xctest */,
			);
			name = Products;
			sourceTree = "<group>";
		};
		756505351F0A1EE100620EA2 /* RSSReader */ = {
			isa = PBXGroup;
			children = (
				756505391F0A1EE100620EA2 /* AppDelegate.h */,
				7565053A1F0A1EE100620EA2 /* AppDelegate.m */,
				7565053C1F0A1EE100620EA2 /* ViewController.h */,
				7565053D1F0A1EE100620EA2 /* ViewController.m */,
				7565053F1F0A1EE100620EA2 /* Main.storyboard */,
				756505421F0A1EE100620EA2 /* Assets.xcassets */,
				756505441F0A1EE100620EA2 /* LaunchScreen.storyboard */,
				756505471F0A1EE100620EA2 /* Info.plist */,
				756505361F0A1EE100620EA2 /* Supporting Files */,
			);
			path = RSSReader;
			sourceTree = "<group>";
		};
		756505361F0A1EE100620EA2 /* Supporting Files */ = {
			isa = PBXGroup;
			children = (
				756505371F0A1EE100620EA2 /* main.m */,
			);
			name = "Supporting Files";
			sourceTree = "<group>";
		};
		7565054F1F0A1EE100620EA2 /* RSSReaderTests */ = {
			isa = PBXGroup;
			children = (
				756505501F0A1EE100620EA2 /* RSSReaderTests.m */,
				756505521F0A1EE100620EA2 /* Info.plist */,
			);
			path = RSSReaderTests;
			sourceTree = "<group>";
		};
		7565055A1F0A1EE100620EA2 /* RSSReaderUITests */ = {
			isa = PBXGroup;
			children = (
				7565055B1F0A1EE100620EA2 /* RSSReaderUITests.m */,
				7565055D1F0A1EE100620EA2 /* Info.plist */,
			);
			path = RSSReaderUITests;
			sourceTree = "<group>";
		};
/* End PBXGroup section */

/* Begin PBXNativeTarget section */
		756505321F0A1EE100620EA2 /* RSSReader */ = {
			isa = PBXNativeTarget;
			buildConfigurationList = 756505601F0A1EE100620EA2 /* Build configuration list for PBXNativeTarget "RSSReader" */;
			buildPhases = (
				7565052F1F0A1EE100620EA2 /* Sources */,
				756505301F0A1EE100620EA2 /* Frameworks */,
				756505311F0A1EE100620EA2 /* Resources */,
			);
			buildRules = (
			);
			dependencies = (
			);
			name = RSSReader;
			productName = RSSReader;
			productReference = 756505331F0A1EE100620EA2 /* RSSReader.app */;
			productType = "com.apple.product-type.application";
		};
		7565054B1F0A1EE100620EA2 /* RSSReaderTests */ = {
			isa = PBXNativeTarget;
			buildConfigurationList = 756505631F0A1EE100620EA2 /* Build configuration list for PBXNativeTarget "RSSReaderTests" */;
			buildPhases = (
				756505481F0A1EE100620EA2 /* Sources */,
				756505491F0A1EE100620EA2 /* Frameworks */,
				7565054A1F0A1EE100620EA2 /* Resources */,
			);
			buildRules = (
			);
			dependencies = (
				7565054E1F0A1EE100620EA2 /* PBXTargetDependency */,
			);
			name = RSSReaderTests;
			productName = RSSReaderTests;
			productReference = 7565054C1F0A1EE100620EA2 /* RSSReaderTests.xctest */;
			productType = "com.apple.product-type.bundle.unit-test";
		};
		756505561F0A1EE100620EA2 /* RSSReaderUITests */ = {
			isa = PBXNativeTarget;
			buildConfigurationList = 756505661F0A1EE100620EA2 /* Build configuration list for PBXNativeTarget "RSSReaderUITests" */;
			buildPhases = (
				756505531F0A1EE100620EA2 /* Sources */,
				756505541F0A1EE100620EA2 /* Frameworks */,
				756505551F0A1EE100620EA2 /* Resources */,
			);
			buildRules = (
			);
			dependencies = (
				756505591F0A1EE100620EA2 /* PBXTargetDependency */,
			);
			name = RSSReaderUITests;
			productName = RSSReaderUITests;
			productReference = 756505571F0A1EE100620EA2 /* RSSReaderUITests.xctest */;
			productType = "com.apple.product-type.bundle.ui-testing";
		};
/* End PBXNativeTarget section */

/* Begin PBXProject section */
		7565052B1F0A1EE100620EA2 /* Project object */ = {
			isa = PBXProject;
			attributes = {
				LastUpgradeCheck = 0830;
				ORGANIZATIONNAME = "Yago de Martin Lopez";
				TargetAttributes = {
					756505321F0A1EE100620EA2 = {
						CreatedOnToolsVersion = 8.3.2;
						ProvisioningStyle = Automatic;
					};
					7565054B1F0A1EE100620EA2 = {
						CreatedOnToolsVersion = 8.3.2;
						ProvisioningStyle = Automatic;
						TestTargetID = 756505321F0A1EE100620EA2;
					};
					756505561F0A1EE100620EA2 = {
						CreatedOnToolsVersion = 8.3.2;
						ProvisioningStyle = Automatic;
						TestTargetID = 756505321F0A1EE100620EA2;
					};
				};
			};
			buildConfigurationList = 7565052E1F0A1EE100620EA2 /* Build configuration list for PBXProject "RSSReader" */;
			compatibilityVersion = "Xcode 3.2";
			developmentRegion = English;
			hasScannedForEncodings = 0;
			knownRegions = (
				en,
				Base,
			);
			mainGroup = 7565052A1F0A1EE100620EA2;
			productRefGroup = 756505341F0A1EE100620EA2 /* Products */;
			projectDirPath = "";
			projectRoot = "";
			targets = (
				756505321F0A1EE100620EA2 /* RSSReader */,
				7565054B1F0A1EE100620EA2 /* RSSReaderTests */,
				756505561F0A1EE100620EA2 /* RSSReaderUITests */,
			);
		};
/* End PBXProject section */

/* Begin PBXResourcesBuildPhase section */
		756505311F0A1EE100620EA2 /* Resources */ = {
			isa = PBXResourcesBuildPhase;
			buildActionMask = 2147483647;
			files = (
				756505461F0A1EE100620EA2 /* LaunchScreen.storyboard in Resources */,
				756505431F0A1EE100620EA2 /* Assets.xcassets in Resources */,
				756505411F0A1EE100620EA2 /* Main.storyboard in Resources */,
			);
			runOnlyForDeploymentPostprocessing = 0;
		};
		7565054A1F0A1EE100620EA2 /* Resources */ = {
			isa = PBXResourcesBuildPhase;
			buildActionMask = 2147483647;
			files = (
			);
			runOnlyForDeploymentPostprocessing = 0;
		};
		756505551F0A1EE100620EA2 /* Resources */ = {
			isa = PBXResourcesBuildPhase;
			buildActionMask = 2147483647;
			files = (
			);
			runOnlyForDeploymentPostprocessing = 0;
		};
/* End PBXResourcesBuildPhase section */

/* Begin PBXSourcesBuildPhase section */
		7565052F1F0A1EE100620EA2 /* Sources */ = {
			isa = PBXSourcesBuildPhase;
			buildActionMask = 2147483647;
			files = (
				7565053E1F0A1EE100620EA2 /* ViewController.m in Sources */,
				7565053B1F0A1EE100620EA2 /* AppDelegate.m in Sources */,
				756505381F0A1EE100620EA2 /* main.m in Sources */,
			);
			runOnlyForDeploymentPostprocessing = 0;
		};
		756505481F0A1EE100620EA2 /* Sources */ = {
			isa = PBXSourcesBuildPhase;
			buildActionMask = 2147483647;
			files = (
				756505511F0A1EE100620EA2 /* RSSReaderTests.m in Sources */,
			);
			runOnlyForDeploymentPostprocessing = 0;
		};
		756505531F0A1EE100620EA2 /* Sources */ = {
			isa = PBXSourcesBuildPhase;
			buildActionMask = 2147483647;
			files = (
				7565055C1F0A1EE100620EA2 /* RSSReaderUITests.m in Sources */,
			);
			runOnlyForDeploymentPostprocessing = 0;
		};
/* End PBXSourcesBuildPhase section */

/* Begin PBXTargetDependency section */
		7565054E1F0A1EE100620EA2 /* PBXTargetDependency */ = {
			isa = PBXTargetDependency;
			target = 756505321F0A1EE100620EA2 /* RSSReader */;
			targetProxy = 7565054D1F0A1EE100620EA2 /* PBXContainerItemProxy */;
		};
		756505591F0A1EE100620EA2 /* PBXTargetDependency */ = {
			isa = PBXTargetDependency;
			target = 756505321F0A1EE100620EA2 /* RSSReader */;
			targetProxy = 756505581F0A1EE100620EA2 /* PBXContainerItemProxy */;
		};
/* End PBXTargetDependency section */

/* Begin PBXVariantGroup section */
		7565053F1F0A1EE100620EA2 /* Main.storyboard */ = {
			isa = PBXVariantGroup;
			children = (
				756505401F0A1EE100620EA2 /* Base */,
			);
			name = Main.storyboard;
			sourceTree = "<group>";
		};
		756505441F0A1EE100620EA2 /* LaunchScreen.storyboard */ = {
			isa = PBXVariantGroup;
			children = (
				756505451F0A1EE100620EA2 /* Base */,
			);
			name = LaunchScreen.storyboard;
			sourceTree = "<group>";
		};
/* End PBXVariantGroup section */

/* Begin XCBuildConfiguration section */
		7565055E1F0A1EE100620EA2 /* Debug */ = {
			isa = XCBuildConfiguration;
			buildSettings = {
				ALWAYS_SEARCH_USER_PATHS = NO;
				CLANG_ANALYZER_NONNULL = YES;
				CLANG_ANALYZER_NUMBER_OBJECT_CONVERSION = YES_AGGRESSIVE;
				CLANG_CXX_LANGUAGE_STANDARD = "gnu++0x";
				CLANG_CXX_LIBRARY = "libc++";
				CLANG_ENABLE_MODULES = YES;
				CLANG_ENABLE_OBJC_ARC = YES;
				CLANG_WARN_BOOL_CONVERSION = YES;
				CLANG_WARN_CONSTANT_CONVERSION = YES;
				CLANG_WARN_DIRECT_OBJC_ISA_USAGE = YES_ERROR;
				CLANG_WARN_DOCUMENTATION_COMMENTS = YES;
				CLANG_WARN_EMPTY_BODY = YES;
				CLANG_WARN_ENUM_CONVERSION = YES;
				CLANG_WARN_INFINITE_RECURSION = YES;
				CLANG_WARN_INT_CONVERSION = YES;
				CLANG_WARN_OBJC_ROOT_CLASS = YES_ERROR;
				CLANG_WARN_SUSPICIOUS_MOVE = YES;
				CLANG_WARN_UNREACHABLE_CODE = YES;
				CLANG_WARN__DUPLICATE_METHOD_MATCH = YES;
				"CODE_SIGN_IDENTITY[sdk=iphoneos*]" = "iPhone Developer";
				COPY_PHASE_STRIP = NO;
				DEBUG_INFORMATION_FORMAT = dwarf;
				ENABLE_STRICT_OBJC_MSGSEND = YES;
				ENABLE_TESTABILITY = YES;
				GCC_C_LANGUAGE_STANDARD = gnu99;
				GCC_DYNAMIC_NO_PIC = NO;
				GCC_NO_COMMON_BLOCKS = YES;
				GCC_OPTIMIZATION_LEVEL = 0;
				GCC_PREPROCESSOR_DEFINITIONS = (
					"DEBUG=1",
					"$(inherited)",
				);
				GCC_WARN_64_TO_32_BIT_CONVERSION = YES;
				GCC_WARN_ABOUT_RETURN_TYPE = YES_ERROR;
				GCC_WARN_UNDECLARED_SELECTOR = YES;
				GCC_WARN_UNINITIALIZED_AUTOS = YES_AGGRESSIVE;
				GCC_WARN_UNUSED_FUNCTION = YES;
				GCC_WARN_UNUSED_VARIABLE = YES;
				IPHONEOS_DEPLOYMENT_TARGET = 10.3;
				MTL_ENABLE_DEBUG_INFO = YES;
				ONLY_ACTIVE_ARCH = YES;
				SDKROOT = iphoneos;
				TARGETED_DEVICE_FAMILY = "1,2";
			};
			name = Debug;
		};
		7565055F1F0A1EE100620EA2 /* Release */ = {
			isa = XCBuildConfiguration;
			buildSettings = {
				ALWAYS_SEARCH_USER_PATHS = NO;
				CLANG_ANALYZER_NONNULL = YES;
				CLANG_ANALYZER_NUMBER_OBJECT_CONVERSION = YES_AGGRESSIVE;
				CLANG_CXX_LANGUAGE_STANDARD = "gnu++0x";
				CLANG_CXX_LIBRARY = "libc++";
				CLANG_ENABLE_MODULES = YES;
				CLANG_ENABLE_OBJC_ARC = YES;
				CLANG_WARN_BOOL_CONVERSION = YES;
				CLANG_WARN_CONSTANT_CONVERSION = YES;
				CLANG_WARN_DIRECT_OBJC_ISA_USAGE = YES_ERROR;
				CLANG_WARN_DOCUMENTATION_COMMENTS = YES;
				CLANG_WARN_EMPTY_BODY = YES;
				CLANG_WARN_ENUM_CONVERSION = YES;
				CLANG_WARN_INFINITE_RECURSION = YES;
				CLANG_WARN_INT_CONVERSION = YES;
				CLANG_WARN_OBJC_ROOT_CLASS = YES_ERROR;
				CLANG_WARN_SUSPICIOUS_MOVE = YES;
				CLANG_WARN_UNREACHABLE_CODE = YES;
				CLANG_WARN__DUPLICATE_METHOD_MATCH = YES;
				"CODE_SIGN_IDENTITY[sdk=iphoneos*]" = "iPhone Developer";
				COPY_PHASE_STRIP = NO;
				DEBUG_INFORMATION_FORMAT = "dwarf-with-dsym";
				ENABLE_NS_ASSERTIONS = NO;
				ENABLE_STRICT_OBJC_MSGSEND = YES;
				GCC_C_LANGUAGE_STANDARD = gnu99;
				GCC_NO_COMMON_BLOCKS = YES;
				GCC_WARN_64_TO_32_BIT_CONVERSION = YES;
				GCC_WARN_ABOUT_RETURN_TYPE = YES_ERROR;
				GCC_WARN_UNDECLARED_SELECTOR = YES;
				GCC_WARN_UNINITIALIZED_AUTOS = YES_AGGRESSIVE;
				GCC_WARN_UNUSED_FUNCTION = YES;
				GCC_WARN_UNUSED_VARIABLE = YES;
				IPHONEOS_DEPLOYMENT_TARGET = 10.3;
				MTL_ENABLE_DEBUG_INFO = NO;
				SDKROOT = iphoneos;
				TARGETED_DEVICE_FAMILY = "1,2";
				VALIDATE_PRODUCT = YES;
			};
			name = Release;
		};
		756505611F0A1EE100620EA2 /* Debug */ = {
			isa = XCBuildConfiguration;
			buildSettings = {
				ASSETCATALOG_COMPILER_APPICON_NAME = AppIcon;
				INFOPLIST_FILE = RSSReader/Info.plist;
				LD_RUNPATH_SEARCH_PATHS = "$(inherited) @executable_path/Frameworks";
				PRODUCT_BUNDLE_IDENTIFIER = everis.RSSReader;
				PRODUCT_NAME = "$(TARGET_NAME)";
			};
			name = Debug;
		};
		756505621F0A1EE100620EA2 /* Release */ = {
			isa = XCBuildConfiguration;
			buildSettings = {
				ASSETCATALOG_COMPILER_APPICON_NAME = AppIcon;
				INFOPLIST_FILE = RSSReader/Info.plist;
				LD_RUNPATH_SEARCH_PATHS = "$(inherited) @executable_path/Frameworks";
				PRODUCT_BUNDLE_IDENTIFIER = everis.RSSReader;
				PRODUCT_NAME = "$(TARGET_NAME)";
			};
			name = Release;
		};
		756505641F0A1EE100620EA2 /* Debug */ = {
			isa = XCBuildConfiguration;
			buildSettings = {
				BUNDLE_LOADER = "$(TEST_HOST)";
				INFOPLIST_FILE = RSSReaderTests/Info.plist;
				LD_RUNPATH_SEARCH_PATHS = "$(inherited) @executable_path/Frameworks @loader_path/Frameworks";
				PRODUCT_BUNDLE_IDENTIFIER = everis.RSSReaderTests;
				PRODUCT_NAME = "$(TARGET_NAME)";
				TEST_HOST = "$(BUILT_PRODUCTS_DIR)/RSSReader.app/RSSReader";
			};
			name = Debug;
		};
		756505651F0A1EE100620EA2 /* Release */ = {
			isa = XCBuildConfiguration;
			buildSettings = {
				BUNDLE_LOADER = "$(TEST_HOST)";
				INFOPLIST_FILE = RSSReaderTests/Info.plist;
				LD_RUNPATH_SEARCH_PATHS = "$(inherited) @executable_path/Frameworks @loader_path/Frameworks";
				PRODUCT_BUNDLE_IDENTIFIER = everis.RSSReaderTests;
				PRODUCT_NAME = "$(TARGET_NAME)";
				TEST_HOST = "$(BUILT_PRODUCTS_DIR)/RSSReader.app/RSSReader";
			};
			name = Release;
		};
		756505671F0A1EE100620EA2 /* Debug */ = {
			isa = XCBuildConfiguration;
			buildSettings = {
				INFOPLIST_FILE = RSSReaderUITests/Info.plist;
				LD_RUNPATH_SEARCH_PATHS = "$(inherited) @executable_path/Frameworks @loader_path/Frameworks";
				PRODUCT_BUNDLE_IDENTIFIER = everis.RSSReaderUITests;
				PRODUCT_NAME = "$(TARGET_NAME)";
				TEST_TARGET_NAME = RSSReader;
			};
			name = Debug;
		};
		756505681F0A1EE100620EA2 /* Release */ = {
			isa = XCBuildConfiguration;
			buildSettings = {
				INFOPLIST_FILE = RSSReaderUITests/Info.plist;
				LD_RUNPATH_SEARCH_PATHS = "$(inherited) @executable_path/Frameworks @loader_path/Frameworks";
				PRODUCT_BUNDLE_IDENTIFIER = everis.RSSReaderUITests;
				PRODUCT_NAME = "$(TARGET_NAME)";
				TEST_TARGET_NAME = RSSReader;
			};
			name = Release;
		};
/* End XCBuildConfiguration section */

/* Begin XCConfigurationList section */
		7565052E1F0A1EE100620EA2 /* Build configuration list for PBXProject "RSSReader" */ = {
			isa = XCConfigurationList;
			buildConfigurations = (
				7565055E1F0A1EE100620EA2 /* Debug */,
				7565055F1F0A1EE100620EA2 /* Release */,
			);
			defaultConfigurationIsVisible = 0;
			defaultConfigurationName = Release;
		};
		756505601F0A1EE100620EA2 /* Build configuration list for PBXNativeTarget "RSSReader" */ = {
			isa = XCConfigurationList;
			buildConfigurations = (
				756505611F0A1EE100620EA2 /* Debug */,
				756505621F0A1EE100620EA2 /* Release */,
			);
			defaultConfigurationIsVisible = 0;
		};
		756505631F0A1EE100620EA2 /* Build configuration list for PBXNativeTarget "RSSReaderTests" */ = {
			isa = XCConfigurationList;
			buildConfigurations = (
				756505641F0A1EE100620EA2 /* Debug */,
				756505651F0A1EE100620EA2 /* Release */,
			);
			defaultConfigurationIsVisible = 0;
		};
		756505661F0A1EE100620EA2 /* Build configuration list for PBXNativeTarget "RSSReaderUITests" */ = {
			isa = XCConfigurationList;
			buildConfigurations = (
				756505671F0A1EE100620EA2 /* Debug */,
				756505681F0A1EE100620EA2 /* Release */,
			);
			defaultConfigurationIsVisible = 0;
		};
/* End XCConfigurationList section */
	};
	rootObject = 7565052B1F0A1EE100620EA2 /* Project object */;
}
